
Microsoft Visual Studio Solution File, Format Version 12.00
# Visual Studio Version 16
VisualStudioVersion = 16.0.31702.278
MinimumVisualStudioVersion = 10.0.40219.1
Project("{FAE04EC0-301F-11D3-BF4B-00C04F79EFBC}") = "Lab16", "Lab16\Lab16.csproj", "{ADB267DA-7CCB-4E8D-8FD7-B06D6CD9EBC3}"
EndProject
Global
	GlobalSection(SolutionConfigurationPlatforms) = preSolution
		Debug|Any CPU = Debug|Any CPU
		Release|Any CPU = Release|Any CPU
	EndGlobalSection
	GlobalSection(ProjectConfigurationPlatforms) = postSolution
		{ADB267DA-7CCB-4E8D-8FD7-B06D6CD9EBC3}.Debug|Any CPU.ActiveCfg = Debug|Any CPU
		{ADB267DA-7CCB-4E8D-8FD7-B06D6CD9EBC3}.Debug|Any CPU.Build.0 = Debug|Any CPU
		{ADB267DA-7CCB-4E8D-8FD7-B06D6CD9EBC3}.Release|Any CPU.ActiveCfg = Release|Any CPU
		{ADB267DA-7CCB-4E8D-8FD7-B06D6CD9EBC3}.Release|Any CPU.Build.0 = Release|Any CPU
	EndGlobalSection
	GlobalSection(SolutionProperties) = preSolution
		HideSolutionNode = FALSE
	EndGlobalSection
	GlobalSection(ExtensibilityGlobals) = postSolution
		SolutionGuid = {B39BF232-FCBE-4951-B627-CF22845242B5}
	EndGlobalSection
EndGlobal
